# This file is automatically @generated by Cargo.
# It is not intended for manual editing.
version = 3

[[package]]
name = "nexum"
version = "0.1.0"

[[package]]
name = "sf-cli"
version = "0.1.0"

[[package]]
name = "sf-deploy"
version = "0.1.0"

[[package]]
name = "sf-serve"
version = "0.1.0"

[[package]]
name = "sharp"
version = "0.1.0"

[[package]]
name = "superfield"
version = "0.1.0"
dependencies = [
 "nexum",
 "sf-cli",
 "sf-deploy",
 "sf-serve",
 "sharp",
]
